
Microsoft Visual Studio Solution File, Format Version 12.00
# Visual Studio Version 17
VisualStudioVersion = 17.8.34330.188
MinimumVisualStudioVersion = 10.0.40219.1
Project("{FAE04EC0-301F-11D3-BF4B-00C04F79EFBC}") = "GA_FirstApplication", "GA_FirstApplication.csproj", "{13F7A13D-9444-4BB1-8B9F-0D8FB273573C}"
EndProject
Global
	GlobalSection(SolutionConfigurationPlatforms) = preSolution
		Debug|Any CPU = Debug|Any CPU
		Release|Any CPU = Release|Any CPU
	EndGlobalSection
	GlobalSection(ProjectConfigurationPlatforms) = postSolution
		{13F7A13D-9444-4BB1-8B9F-0D8FB273573C}.Debug|Any CPU.ActiveCfg = Debug|Any CPU
		{13F7A13D-9444-4BB1-8B9F-0D8FB273573C}.Debug|Any CPU.Build.0 = Debug|Any CPU
		{13F7A13D-9444-4BB1-8B9F-0D8FB273573C}.Release|Any CPU.ActiveCfg = Release|Any CPU
		{13F7A13D-9444-4BB1-8B9F-0D8FB273573C}.Release|Any CPU.Build.0 = Release|Any CPU
	EndGlobalSection
	GlobalSection(SolutionProperties) = preSolution
		HideSolutionNode = FALSE
	EndGlobalSection
	GlobalSection(ExtensibilityGlobals) = postSolution
		SolutionGuid = {66CE3014-D2D5-43C2-9AF8-67B83FFFA2F4}
	EndGlobalSection
EndGlobal
